
Microsoft Visual Studio Solution File, Format Version 12.00
# Visual Studio Version 17
VisualStudioVersion = 17.1.32421.90
MinimumVisualStudioVersion = 10.0.40219.1
Project("{FAE04EC0-301F-11D3-BF4B-00C04F79EFBC}") = "BAI_1_0_ONTAP_NET101_CRUD", "BAI_1_0_NET101_CRUD\BAI_1_0_ONTAP_NET101_CRUD.csproj", "{E2628BC4-B9CA-4E3E-8264-7AC977DCCA03}"
EndProject
Project("{FAE04EC0-301F-11D3-BF4B-00C04F79EFBC}") = "ontap", "ontap\ontap.csproj", "{9C9C429B-52DE-4E45-BC24-ECD2D25FBD61}"
EndProject
Project("{FAE04EC0-301F-11D3-BF4B-00C04F79EFBC}") = "BAI_1_1_DELEGATE", "BAI_1_1_DELEGATE\BAI_1_1_DELEGATE.csproj", "{54DFFE51-A57F-466E-B27E-6F2808A1051D}"
EndProject
Project("{FAE04EC0-301F-11D3-BF4B-00C04F79EFBC}") = "BAI_1_2_DELEGATE_ACTION_FUNC_PREDICATE", "BAI_1_2_DELEGATE_ACTION_FUNC_PREDICATE\BAI_1_2_DELEGATE_ACTION_FUNC_PREDICATE.csproj", "{DF79848C-3BF5-49C4-AFBC-C289A112ABB1}"
EndProject
Project("{FAE04EC0-301F-11D3-BF4B-00C04F79EFBC}") = "BAI_1_3_DELEGATE_EVENT", "BAI_1_3_DELEGATE_EVENT\BAI_1_3_DELEGATE_EVENT.csproj", "{CC2C6593-791F-4B0A-B428-1EDF2646BE52}"
EndProject
Project("{FAE04EC0-301F-11D3-BF4B-00C04F79EFBC}") = "BAI_1_4_DELEGATE_EVENT2", "BAI_1_4_DELEGATE_EVENT2\BAI_1_4_DELEGATE_EVENT2.csproj", "{30C3B534-5A19-4A53-A21B-014A030BB794}"
EndProject
Project("{FAE04EC0-301F-11D3-BF4B-00C04F79EFBC}") = "BAI_2_5_NULLABLE_TYPED", "BAI_2_5_NULLABLE_TYPED\BAI_2_5_NULLABLE_TYPED.csproj", "{F700E327-2AE3-4970-AB35-A3920EC2BF96}"
EndProject
Project("{FAE04EC0-301F-11D3-BF4B-00C04F79EFBC}") = "BAI_1_5_DELEGATE_EVENT3", "BAI_1_5_DELEGATE_EVENT3\BAI_1_5_DELEGATE_EVENT3.csproj", "{7830B6AE-783F-4CC3-9640-19CABE3E6229}"
EndProject
Project("{FAE04EC0-301F-11D3-BF4B-00C04F79EFBC}") = "Bai_1_6_EXCEPTION", "Bai_1_6_EXCEPTION\Bai_1_6_EXCEPTION.csproj", "{5FE161C4-6A39-4462-8373-FB1DE863790D}"
EndProject
Project("{FAE04EC0-301F-11D3-BF4B-00C04F79EFBC}") = "BAI_1_7_DinhNghia_EXCEPTION", "BAI_1_7_DinhNghia_EXCEPTION\BAI_1_7_DinhNghia_EXCEPTION.csproj", "{AE150BD1-4BB8-452E-9DFC-39924BC527C8}"
EndProject
Project("{FAE04EC0-301F-11D3-BF4B-00C04F79EFBC}") = "BAI_1_8_DinhNghia_CLASS_EXCEPTION", "BAI_1_8_DinhNghia_CLASS_EXCEPTION\BAI_1_8_DinhNghia_CLASS_EXCEPTION.csproj", "{5A082CDD-0197-4CCB-851D-9675244D01B9}"
EndProject
Project("{FAE04EC0-301F-11D3-BF4B-00C04F79EFBC}") = "BAI_1_9_COLLECTION", "BAI_1_9_COLLECTION\BAI_1_9_COLLECTION.csproj", "{5548CE13-E0D3-4050-AE9A-6B80F5DC6B9B}"
EndProject
Project("{FAE04EC0-301F-11D3-BF4B-00C04F79EFBC}") = "BAI_2_0_GENERIC", "BAI_2_0_GENERIC\BAI_2_0_GENERIC.csproj", "{7C6A3D88-25AF-4FE7-B5E0-ED623C65C2D2}"
EndProject
Project("{FAE04EC0-301F-11D3-BF4B-00C04F79EFBC}") = "BAI_2_1_CLASSGENERIC", "BAI_2_1_CLASSGENERIC\BAI_2_1_CLASSGENERIC.csproj", "{CBCBD837-8E4A-421F-BD30-DB4B560C8ABA}"
EndProject
Project("{FAE04EC0-301F-11D3-BF4B-00C04F79EFBC}") = "BAI_2_6_ANONYMOUS_TYPED", "BAI_2_6_ANONYMOUS_TYPED\BAI_2_6_ANONYMOUS_TYPED.csproj", "{3B940DC1-446F-4B2D-9B3B-662BED465175}"
EndProject
Project("{FAE04EC0-301F-11D3-BF4B-00C04F79EFBC}") = "BAI_2_3_PartialClass", "BAI_2_3_PartialClass\BAI_2_3_PartialClass.csproj", "{EC3023DF-8FE3-477C-A080-64BD2F37F52E}"
EndProject
Project("{FAE04EC0-301F-11D3-BF4B-00C04F79EFBC}") = "BAI_2_7_THAO_TAC_VOI_TAP_TIN_System.IO", "BAI_2_7_THAO_TAC_VOI_TAP_TIN_System.IO\BAI_2_7_THAO_TAC_VOI_TAP_TIN_System.IO.csproj", "{5DFE327C-304F-4743-B865-32CD77C45457}"
EndProject
Project("{FAE04EC0-301F-11D3-BF4B-00C04F79EFBC}") = "BAI_2_8_DocGhiDoiTuong", "BAI_2_8_DocGhiDoiTuong\BAI_2_8_DocGhiDoiTuong.csproj", "{C5C0B404-164E-4380-9485-614CC10182A6}"
EndProject
Project("{FAE04EC0-301F-11D3-BF4B-00C04F79EFBC}") = "BAI_2_9_BietThucLAMBDA", "BAI_2_9_BietThucLAMBDA\BAI_2_9_BietThucLAMBDA.csproj", "{05F97C33-36CA-4FDD-B5B0-558070C51590}"
EndProject
Project("{FAE04EC0-301F-11D3-BF4B-00C04F79EFBC}") = "BAI_3_0_LINQ", "BAI_3_0_LINQ\BAI_3_0_LINQ.csproj", "{B96E2CA6-DA85-4964-8723-7263F9AD1805}"
EndProject
Project("{FAE04EC0-301F-11D3-BF4B-00C04F79EFBC}") = "BAI_3_1_LINQ_CacCauLenhCoBan", "BAI_3_1_LINQ_CacCauLenhCoBan\BAI_3_1_LINQ_CacCauLenhCoBan.csproj", "{9162ABCB-F662-4F45-8EFC-6CED19980C25}"
EndProject
Project("{FAE04EC0-301F-11D3-BF4B-00C04F79EFBC}") = "ASSIGNMENT", "ASSIGNMENT\ASSIGNMENT.csproj", "{E33ED223-A03D-427E-8711-AA710047337A}"
EndProject
Global
	GlobalSection(SolutionConfigurationPlatforms) = preSolution
		Debug|Any CPU = Debug|Any CPU
		Release|Any CPU = Release|Any CPU
	EndGlobalSection
	GlobalSection(ProjectConfigurationPlatforms) = postSolution
		{E2628BC4-B9CA-4E3E-8264-7AC977DCCA03}.Debug|Any CPU.ActiveCfg = Debug|Any CPU
		{E2628BC4-B9CA-4E3E-8264-7AC977DCCA03}.Debug|Any CPU.Build.0 = Debug|Any CPU
		{E2628BC4-B9CA-4E3E-8264-7AC977DCCA03}.Release|Any CPU.ActiveCfg = Release|Any CPU
		{E2628BC4-B9CA-4E3E-8264-7AC977DCCA03}.Release|Any CPU.Build.0 = Release|Any CPU
		{9C9C429B-52DE-4E45-BC24-ECD2D25FBD61}.Debug|Any CPU.ActiveCfg = Debug|Any CPU
		{9C9C429B-52DE-4E45-BC24-ECD2D25FBD61}.Debug|Any CPU.Build.0 = Debug|Any CPU
		{9C9C429B-52DE-4E45-BC24-ECD2D25FBD61}.Release|Any CPU.ActiveCfg = Release|Any CPU
		{9C9C429B-52DE-4E45-BC24-ECD2D25FBD61}.Release|Any CPU.Build.0 = Release|Any CPU
		{54DFFE51-A57F-466E-B27E-6F2808A1051D}.Debug|Any CPU.ActiveCfg = Debug|Any CPU
		{54DFFE51-A57F-466E-B27E-6F2808A1051D}.Debug|Any CPU.Build.0 = Debug|Any CPU
		{54DFFE51-A57F-466E-B27E-6F2808A1051D}.Release|Any CPU.ActiveCfg = Release|Any CPU
		{54DFFE51-A57F-466E-B27E-6F2808A1051D}.Release|Any CPU.Build.0 = Release|Any CPU
		{DF79848C-3BF5-49C4-AFBC-C289A112ABB1}.Debug|Any CPU.ActiveCfg = Debug|Any CPU
		{DF79848C-3BF5-49C4-AFBC-C289A112ABB1}.Debug|Any CPU.Build.0 = Debug|Any CPU
		{DF79848C-3BF5-49C4-AFBC-C289A112ABB1}.Release|Any CPU.ActiveCfg = Release|Any CPU
		{DF79848C-3BF5-49C4-AFBC-C289A112ABB1}.Release|Any CPU.Build.0 = Release|Any CPU
		{CC2C6593-791F-4B0A-B428-1EDF2646BE52}.Debug|Any CPU.ActiveCfg = Debug|Any CPU
		{CC2C6593-791F-4B0A-B428-1EDF2646BE52}.Debug|Any CPU.Build.0 = Debug|Any CPU
		{CC2C6593-791F-4B0A-B428-1EDF2646BE52}.Release|Any CPU.ActiveCfg = Release|Any CPU
		{CC2C6593-791F-4B0A-B428-1EDF2646BE52}.Release|Any CPU.Build.0 = Release|Any CPU
		{30C3B534-5A19-4A53-A21B-014A030BB794}.Debug|Any CPU.ActiveCfg = Debug|Any CPU
		{30C3B534-5A19-4A53-A21B-014A030BB794}.Debug|Any CPU.Build.0 = Debug|Any CPU
		{30C3B534-5A19-4A53-A21B-014A030BB794}.Release|Any CPU.ActiveCfg = Release|Any CPU
		{30C3B534-5A19-4A53-A21B-014A030BB794}.Release|Any CPU.Build.0 = Release|Any CPU
		{F700E327-2AE3-4970-AB35-A3920EC2BF96}.Debug|Any CPU.ActiveCfg = Debug|Any CPU
		{F700E327-2AE3-4970-AB35-A3920EC2BF96}.Debug|Any CPU.Build.0 = Debug|Any CPU
		{F700E327-2AE3-4970-AB35-A3920EC2BF96}.Release|Any CPU.ActiveCfg = Release|Any CPU
		{F700E327-2AE3-4970-AB35-A3920EC2BF96}.Release|Any CPU.Build.0 = Release|Any CPU
		{7830B6AE-783F-4CC3-9640-19CABE3E6229}.Debug|Any CPU.ActiveCfg = Debug|Any CPU
		{7830B6AE-783F-4CC3-9640-19CABE3E6229}.Debug|Any CPU.Build.0 = Debug|Any CPU
		{7830B6AE-783F-4CC3-9640-19CABE3E6229}.Release|Any CPU.ActiveCfg = Release|Any CPU
		{7830B6AE-783F-4CC3-9640-19CABE3E6229}.Release|Any CPU.Build.0 = Release|Any CPU
		{5FE161C4-6A39-4462-8373-FB1DE863790D}.Debug|Any CPU.ActiveCfg = Debug|Any CPU
		{5FE161C4-6A39-4462-8373-FB1DE863790D}.Debug|Any CPU.Build.0 = Debug|Any CPU
		{5FE161C4-6A39-4462-8373-FB1DE863790D}.Release|Any CPU.ActiveCfg = Release|Any CPU
		{5FE161C4-6A39-4462-8373-FB1DE863790D}.Release|Any CPU.Build.0 = Release|Any CPU
		{AE150BD1-4BB8-452E-9DFC-39924BC527C8}.Debug|Any CPU.ActiveCfg = Debug|Any CPU
		{AE150BD1-4BB8-452E-9DFC-39924BC527C8}.Debug|Any CPU.Build.0 = Debug|Any CPU
		{AE150BD1-4BB8-452E-9DFC-39924BC527C8}.Release|Any CPU.ActiveCfg = Release|Any CPU
		{AE150BD1-4BB8-452E-9DFC-39924BC527C8}.Release|Any CPU.Build.0 = Release|Any CPU
		{5A082CDD-0197-4CCB-851D-9675244D01B9}.Debug|Any CPU.ActiveCfg = Debug|Any CPU
		{5A082CDD-0197-4CCB-851D-9675244D01B9}.Debug|Any CPU.Build.0 = Debug|Any CPU
		{5A082CDD-0197-4CCB-851D-9675244D01B9}.Release|Any CPU.ActiveCfg = Release|Any CPU
		{5A082CDD-0197-4CCB-851D-9675244D01B9}.Release|Any CPU.Build.0 = Release|Any CPU
		{5548CE13-E0D3-4050-AE9A-6B80F5DC6B9B}.Debug|Any CPU.ActiveCfg = Debug|Any CPU
		{5548CE13-E0D3-4050-AE9A-6B80F5DC6B9B}.Debug|Any CPU.Build.0 = Debug|Any CPU
		{5548CE13-E0D3-4050-AE9A-6B80F5DC6B9B}.Release|Any CPU.ActiveCfg = Release|Any CPU
		{5548CE13-E0D3-4050-AE9A-6B80F5DC6B9B}.Release|Any CPU.Build.0 = Release|Any CPU
		{7C6A3D88-25AF-4FE7-B5E0-ED623C65C2D2}.Debug|Any CPU.ActiveCfg = Debug|Any CPU
		{7C6A3D88-25AF-4FE7-B5E0-ED623C65C2D2}.Debug|Any CPU.Build.0 = Debug|Any CPU
		{7C6A3D88-25AF-4FE7-B5E0-ED623C65C2D2}.Release|Any CPU.ActiveCfg = Release|Any CPU
		{7C6A3D88-25AF-4FE7-B5E0-ED623C65C2D2}.Release|Any CPU.Build.0 = Release|Any CPU
		{CBCBD837-8E4A-421F-BD30-DB4B560C8ABA}.Debug|Any CPU.ActiveCfg = Debug|Any CPU
		{CBCBD837-8E4A-421F-BD30-DB4B560C8ABA}.Debug|Any CPU.Build.0 = Debug|Any CPU
		{CBCBD837-8E4A-421F-BD30-DB4B560C8ABA}.Release|Any CPU.ActiveCfg = Release|Any CPU
		{CBCBD837-8E4A-421F-BD30-DB4B560C8ABA}.Release|Any CPU.Build.0 = Release|Any CPU
		{3B940DC1-446F-4B2D-9B3B-662BED465175}.Debug|Any CPU.ActiveCfg = Debug|Any CPU
		{3B940DC1-446F-4B2D-9B3B-662BED465175}.Debug|Any CPU.Build.0 = Debug|Any CPU
		{3B940DC1-446F-4B2D-9B3B-662BED465175}.Release|Any CPU.ActiveCfg = Release|Any CPU
		{3B940DC1-446F-4B2D-9B3B-662BED465175}.Release|Any CPU.Build.0 = Release|Any CPU
		{EC3023DF-8FE3-477C-A080-64BD2F37F52E}.Debug|Any CPU.ActiveCfg = Debug|Any CPU
		{EC3023DF-8FE3-477C-A080-64BD2F37F52E}.Debug|Any CPU.Build.0 = Debug|Any CPU
		{EC3023DF-8FE3-477C-A080-64BD2F37F52E}.Release|Any CPU.ActiveCfg = Release|Any CPU
		{EC3023DF-8FE3-477C-A080-64BD2F37F52E}.Release|Any CPU.Build.0 = Release|Any CPU
		{5DFE327C-304F-4743-B865-32CD77C45457}.Debug|Any CPU.ActiveCfg = Debug|Any CPU
		{5DFE327C-304F-4743-B865-32CD77C45457}.Debug|Any CPU.Build.0 = Debug|Any CPU
		{5DFE327C-304F-4743-B865-32CD77C45457}.Release|Any CPU.ActiveCfg = Release|Any CPU
		{5DFE327C-304F-4743-B865-32CD77C45457}.Release|Any CPU.Build.0 = Release|Any CPU
		{C5C0B404-164E-4380-9485-614CC10182A6}.Debug|Any CPU.ActiveCfg = Debug|Any CPU
		{C5C0B404-164E-4380-9485-614CC10182A6}.Debug|Any CPU.Build.0 = Debug|Any CPU
		{C5C0B404-164E-4380-9485-614CC10182A6}.Release|Any CPU.ActiveCfg = Release|Any CPU
		{C5C0B404-164E-4380-9485-614CC10182A6}.Release|Any CPU.Build.0 = Release|Any CPU
		{05F97C33-36CA-4FDD-B5B0-558070C51590}.Debug|Any CPU.ActiveCfg = Debug|Any CPU
		{05F97C33-36CA-4FDD-B5B0-558070C51590}.Debug|Any CPU.Build.0 = Debug|Any CPU
		{05F97C33-36CA-4FDD-B5B0-558070C51590}.Release|Any CPU.ActiveCfg = Release|Any CPU
		{05F97C33-36CA-4FDD-B5B0-558070C51590}.Release|Any CPU.Build.0 = Release|Any CPU
		{B96E2CA6-DA85-4964-8723-7263F9AD1805}.Debug|Any CPU.ActiveCfg = Debug|Any CPU
		{B96E2CA6-DA85-4964-8723-7263F9AD1805}.Debug|Any CPU.Build.0 = Debug|Any CPU
		{B96E2CA6-DA85-4964-8723-7263F9AD1805}.Release|Any CPU.ActiveCfg = Release|Any CPU
		{B96E2CA6-DA85-4964-8723-7263F9AD1805}.Release|Any CPU.Build.0 = Release|Any CPU
		{9162ABCB-F662-4F45-8EFC-6CED19980C25}.Debug|Any CPU.ActiveCfg = Debug|Any CPU
		{9162ABCB-F662-4F45-8EFC-6CED19980C25}.Debug|Any CPU.Build.0 = Debug|Any CPU
		{9162ABCB-F662-4F45-8EFC-6CED19980C25}.Release|Any CPU.ActiveCfg = Release|Any CPU
		{9162ABCB-F662-4F45-8EFC-6CED19980C25}.Release|Any CPU.Build.0 = Release|Any CPU
		{E33ED223-A03D-427E-8711-AA710047337A}.Debug|Any CPU.ActiveCfg = Debug|Any CPU
		{E33ED223-A03D-427E-8711-AA710047337A}.Debug|Any CPU.Build.0 = Debug|Any CPU
		{E33ED223-A03D-427E-8711-AA710047337A}.Release|Any CPU.ActiveCfg = Release|Any CPU
		{E33ED223-A03D-427E-8711-AA710047337A}.Release|Any CPU.Build.0 = Release|Any CPU
	EndGlobalSection
	GlobalSection(SolutionProperties) = preSolution
		HideSolutionNode = FALSE
	EndGlobalSection
	GlobalSection(ExtensibilityGlobals) = postSolution
		SolutionGuid = {1A562814-F127-421C-BD81-B9DD06C59BC2}
	EndGlobalSection
EndGlobal
